
Microsoft Visual Studio Solution File, Format Version 12.00
# Visual Studio Version 17
VisualStudioVersion = 17.0.31903.59
MinimumVisualStudioVersion = 10.0.40219.1
Project("{FAE04EC0-301F-11D3-BF4B-00C04F79EFBC}") = "Lang", "Lang\Lang.csproj", "{B048BEEC-45E2-4FA6-8997-F1E1673F104B}"
EndProject
Project("{FAE04EC0-301F-11D3-BF4B-00C04F79EFBC}") = "Benchmark", "Benchmark\Benchmark.csproj", "{2F450C48-6472-4CCB-B517-8A991D1EAF55}"
EndProject
Project("{FAE04EC0-301F-11D3-BF4B-00C04F79EFBC}") = "ExampleLib", "ExampleLib\ExampleLib.csproj", "{5645856F-C156-4BDB-A07B-B76DD07DF1DA}"
EndProject
Global
	GlobalSection(SolutionConfigurationPlatforms) = preSolution
		Debug|Any CPU = Debug|Any CPU
		Release|Any CPU = Release|Any CPU
	EndGlobalSection
	GlobalSection(SolutionProperties) = preSolution
		HideSolutionNode = FALSE
	EndGlobalSection
	GlobalSection(ProjectConfigurationPlatforms) = postSolution
		{B048BEEC-45E2-4FA6-8997-F1E1673F104B}.Debug|Any CPU.ActiveCfg = Debug|Any CPU
		{B048BEEC-45E2-4FA6-8997-F1E1673F104B}.Debug|Any CPU.Build.0 = Debug|Any CPU
		{B048BEEC-45E2-4FA6-8997-F1E1673F104B}.Release|Any CPU.ActiveCfg = Release|Any CPU
		{B048BEEC-45E2-4FA6-8997-F1E1673F104B}.Release|Any CPU.Build.0 = Release|Any CPU
		{2F450C48-6472-4CCB-B517-8A991D1EAF55}.Debug|Any CPU.ActiveCfg = Debug|Any CPU
		{2F450C48-6472-4CCB-B517-8A991D1EAF55}.Debug|Any CPU.Build.0 = Debug|Any CPU
		{2F450C48-6472-4CCB-B517-8A991D1EAF55}.Release|Any CPU.ActiveCfg = Release|Any CPU
		{2F450C48-6472-4CCB-B517-8A991D1EAF55}.Release|Any CPU.Build.0 = Release|Any CPU
		{5645856F-C156-4BDB-A07B-B76DD07DF1DA}.Debug|Any CPU.ActiveCfg = Debug|Any CPU
		{5645856F-C156-4BDB-A07B-B76DD07DF1DA}.Debug|Any CPU.Build.0 = Debug|Any CPU
		{5645856F-C156-4BDB-A07B-B76DD07DF1DA}.Release|Any CPU.ActiveCfg = Release|Any CPU
		{5645856F-C156-4BDB-A07B-B76DD07DF1DA}.Release|Any CPU.Build.0 = Release|Any CPU
	EndGlobalSection
EndGlobal
